
Microsoft Visual Studio Solution File, Format Version 12.00
# Visual Studio Version 17
VisualStudioVersion = 17.5.33502.453
MinimumVisualStudioVersion = 10.0.40219.1
Project("{9A19103F-16F7-4668-BE54-9A1E7A4F7556}") = "DivideAndConquer", "CSharpPractice\DivideAndConquer.csproj", "{D4CDD97B-3625-4DBE-94A1-40647BFC2097}"
EndProject
Project("{FAE04EC0-301F-11D3-BF4B-00C04F79EFBC}") = "StringEndsWith", "StringEndsWith\StringEndsWith.csproj", "{20593C74-A21B-485A-BD3C-1D449041587A}"
EndProject
Global
	GlobalSection(SolutionConfigurationPlatforms) = preSolution
		Debug|Any CPU = Debug|Any CPU
		Release|Any CPU = Release|Any CPU
	EndGlobalSection
	GlobalSection(ProjectConfigurationPlatforms) = postSolution
		{D4CDD97B-3625-4DBE-94A1-40647BFC2097}.Debug|Any CPU.ActiveCfg = Debug|Any CPU
		{D4CDD97B-3625-4DBE-94A1-40647BFC2097}.Debug|Any CPU.Build.0 = Debug|Any CPU
		{D4CDD97B-3625-4DBE-94A1-40647BFC2097}.Release|Any CPU.ActiveCfg = Release|Any CPU
		{D4CDD97B-3625-4DBE-94A1-40647BFC2097}.Release|Any CPU.Build.0 = Release|Any CPU
		{20593C74-A21B-485A-BD3C-1D449041587A}.Debug|Any CPU.ActiveCfg = Debug|Any CPU
		{20593C74-A21B-485A-BD3C-1D449041587A}.Debug|Any CPU.Build.0 = Debug|Any CPU
		{20593C74-A21B-485A-BD3C-1D449041587A}.Release|Any CPU.ActiveCfg = Release|Any CPU
		{20593C74-A21B-485A-BD3C-1D449041587A}.Release|Any CPU.Build.0 = Release|Any CPU
	EndGlobalSection
	GlobalSection(SolutionProperties) = preSolution
		HideSolutionNode = FALSE
	EndGlobalSection
	GlobalSection(ExtensibilityGlobals) = postSolution
		SolutionGuid = {85A34C5E-B454-4CDA-85E6-53BE6EC5D7A3}
	EndGlobalSection
EndGlobal
